
Microsoft Visual Studio Solution File, Format Version 12.00
# Visual Studio Version 16
VisualStudioVersion = 16.0.29102.190
MinimumVisualStudioVersion = 10.0.40219.1
Project("{9A19103F-16F7-4668-BE54-9A1E7A4F7556}") = "CarroAPI", "CarroAPI\CarroAPI.csproj", "{A1262D4C-A8FA-4AA6-91E0-51314BC3970C}"
EndProject
Project("{9A19103F-16F7-4668-BE54-9A1E7A4F7556}") = "CarroAPI.Domain", "CarroAPI.Domain\CarroAPI.Domain.csproj", "{45C5D209-1810-4ADD-B2B4-F08BE97D5958}"
EndProject
Project("{9A19103F-16F7-4668-BE54-9A1E7A4F7556}") = "CarroAPI.Repository", "CarroAPI.Repository\CarroAPI.Repository.csproj", "{7AEB5AE6-C1D1-4A05-A270-345B546531FA}"
EndProject
Project("{9A19103F-16F7-4668-BE54-9A1E7A4F7556}") = "CarroAPI.Business", "CarroAPI.Business\CarroAPI.Business.csproj", "{D35B39F4-32B1-4C35-8ADA-ED2EA1B54998}"
EndProject
Project("{9A19103F-16F7-4668-BE54-9A1E7A4F7556}") = "CarroAPI.Service", "CarroAPI.Service\CarroAPI.Service.csproj", "{D2C2B2DA-3656-45AB-BD27-2CA4228E3413}"
EndProject
Project("{FAE04EC0-301F-11D3-BF4B-00C04F79EFBC}") = "CarroAPI.Teste", "CarroAPI.Teste\CarroAPI.Teste.csproj", "{5AB1E51A-6816-465F-8B2C-613630F024F8}"
EndProject
Global
	GlobalSection(SolutionConfigurationPlatforms) = preSolution
		Debug|Any CPU = Debug|Any CPU
		Release|Any CPU = Release|Any CPU
	EndGlobalSection
	GlobalSection(ProjectConfigurationPlatforms) = postSolution
		{A1262D4C-A8FA-4AA6-91E0-51314BC3970C}.Debug|Any CPU.ActiveCfg = Debug|Any CPU
		{A1262D4C-A8FA-4AA6-91E0-51314BC3970C}.Debug|Any CPU.Build.0 = Debug|Any CPU
		{A1262D4C-A8FA-4AA6-91E0-51314BC3970C}.Release|Any CPU.ActiveCfg = Release|Any CPU
		{A1262D4C-A8FA-4AA6-91E0-51314BC3970C}.Release|Any CPU.Build.0 = Release|Any CPU
		{45C5D209-1810-4ADD-B2B4-F08BE97D5958}.Debug|Any CPU.ActiveCfg = Debug|Any CPU
		{45C5D209-1810-4ADD-B2B4-F08BE97D5958}.Debug|Any CPU.Build.0 = Debug|Any CPU
		{45C5D209-1810-4ADD-B2B4-F08BE97D5958}.Release|Any CPU.ActiveCfg = Release|Any CPU
		{45C5D209-1810-4ADD-B2B4-F08BE97D5958}.Release|Any CPU.Build.0 = Release|Any CPU
		{7AEB5AE6-C1D1-4A05-A270-345B546531FA}.Debug|Any CPU.ActiveCfg = Debug|Any CPU
		{7AEB5AE6-C1D1-4A05-A270-345B546531FA}.Debug|Any CPU.Build.0 = Debug|Any CPU
		{7AEB5AE6-C1D1-4A05-A270-345B546531FA}.Release|Any CPU.ActiveCfg = Release|Any CPU
		{7AEB5AE6-C1D1-4A05-A270-345B546531FA}.Release|Any CPU.Build.0 = Release|Any CPU
		{D35B39F4-32B1-4C35-8ADA-ED2EA1B54998}.Debug|Any CPU.ActiveCfg = Debug|Any CPU
		{D35B39F4-32B1-4C35-8ADA-ED2EA1B54998}.Debug|Any CPU.Build.0 = Debug|Any CPU
		{D35B39F4-32B1-4C35-8ADA-ED2EA1B54998}.Release|Any CPU.ActiveCfg = Release|Any CPU
		{D35B39F4-32B1-4C35-8ADA-ED2EA1B54998}.Release|Any CPU.Build.0 = Release|Any CPU
		{D2C2B2DA-3656-45AB-BD27-2CA4228E3413}.Debug|Any CPU.ActiveCfg = Debug|Any CPU
		{D2C2B2DA-3656-45AB-BD27-2CA4228E3413}.Debug|Any CPU.Build.0 = Debug|Any CPU
		{D2C2B2DA-3656-45AB-BD27-2CA4228E3413}.Release|Any CPU.ActiveCfg = Release|Any CPU
		{D2C2B2DA-3656-45AB-BD27-2CA4228E3413}.Release|Any CPU.Build.0 = Release|Any CPU
		{5AB1E51A-6816-465F-8B2C-613630F024F8}.Debug|Any CPU.ActiveCfg = Debug|Any CPU
		{5AB1E51A-6816-465F-8B2C-613630F024F8}.Debug|Any CPU.Build.0 = Debug|Any CPU
		{5AB1E51A-6816-465F-8B2C-613630F024F8}.Release|Any CPU.ActiveCfg = Release|Any CPU
		{5AB1E51A-6816-465F-8B2C-613630F024F8}.Release|Any CPU.Build.0 = Release|Any CPU
	EndGlobalSection
	GlobalSection(SolutionProperties) = preSolution
		HideSolutionNode = FALSE
	EndGlobalSection
	GlobalSection(ExtensibilityGlobals) = postSolution
		SolutionGuid = {1D96BAB1-FDBC-4E84-8FE2-8DA1459EBF69}
	EndGlobalSection
EndGlobal
